
Microsoft Visual Studio Solution File, Format Version 12.00
# Visual Studio Version 17
VisualStudioVersion = 17.1.32319.34
MinimumVisualStudioVersion = 10.0.40219.1
Project("{FAE04EC0-301F-11D3-BF4B-00C04F79EFBC}") = "controlPanel", "controlPanel\controlPanel.csproj", "{CB1E1CC4-D5A0-4A62-B579-9134C31B8418}"
EndProject
Global
	GlobalSection(SolutionConfigurationPlatforms) = preSolution
		Debug|Any CPU = Debug|Any CPU
		Release|Any CPU = Release|Any CPU
	EndGlobalSection
	GlobalSection(ProjectConfigurationPlatforms) = postSolution
		{CB1E1CC4-D5A0-4A62-B579-9134C31B8418}.Debug|Any CPU.ActiveCfg = Debug|Any CPU
		{CB1E1CC4-D5A0-4A62-B579-9134C31B8418}.Debug|Any CPU.Build.0 = Debug|Any CPU
		{CB1E1CC4-D5A0-4A62-B579-9134C31B8418}.Release|Any CPU.ActiveCfg = Release|Any CPU
		{CB1E1CC4-D5A0-4A62-B579-9134C31B8418}.Release|Any CPU.Build.0 = Release|Any CPU
	EndGlobalSection
	GlobalSection(SolutionProperties) = preSolution
		HideSolutionNode = FALSE
	EndGlobalSection
	GlobalSection(ExtensibilityGlobals) = postSolution
		SolutionGuid = {9B078C3B-11B1-4D0E-8FFC-EE09EBEE6110}
	EndGlobalSection
EndGlobal
